PODS:
  - LXPageViewWithButtonsViewController (0.0.2)

DEPENDENCIES:
  - LXPageViewWithButtonsViewController (from `../`)

EXTERNAL SOURCES:
  LXPageViewWithButtonsViewController:
    :path: ../

SPEC CHECKSUMS:
  LXPageViewWithButtonsViewController: 62fe91cd5723f5f07ccd3b8541047b85a953b92c

COCOAPODS: 0.39.0
