PODS:
  - LXPageViewWithButtonsViewController (0.1.5)

DEPENDENCIES:
  - LXPageViewWithButtonsViewController (from `../`)

EXTERNAL SOURCES:
  LXPageViewWithButtonsViewController:
    :path: ../

SPEC CHECKSUMS:
  LXPageViewWithButtonsViewController: 7dd2c21178652a8193490589cf81d1cea81ce976

PODFILE CHECKSUM: 43216b8e69fc466045e4024027eca2510729822a

COCOAPODS: 1.1.1
